{
  "requires": true,
  "lockfileVersion": 1,
  "dependencies": {
    "particles.js": {
      "version": "2.0.0",
      "resolved": "https://registry.npmjs.org/particles.js/-/particles.js-2.0.0.tgz",
      "integrity": "sha1-IThsQyjWx/lngKIB6W7t/AnHNvY="
    },
    "pathseg": {
      "version": "1.2.0",
      "resolved": "https://registry.npmjs.org/pathseg/-/pathseg-1.2.0.tgz",
      "integrity": "sha512-+pQS7lTaoVIXhaCW7R3Wd/165APzZHWzYVqe7dxzdupxQwebgpBaCmf0/XZwmoA/rkDq3qvzO0qv4d5oFVrBRw=="
    },
    "tsparticles": {
      "version": "1.27.0",
      "resolved": "https://registry.npmjs.org/tsparticles/-/tsparticles-1.27.0.tgz",
      "integrity": "sha512-7gBErOh21DNDbcflrxb7PT6eQPldTZURx6l099DRZbtbzzhT/N3Jyx80xsvjVPB52m30KiQswAsaMMg2lq+iFA==",
      "requires": {
        "pathseg": "^1.2.0"
      }
    }
  }
}
